
Microsoft Visual Studio Solution File, Format Version 12.00
# Visual Studio Version 17
VisualStudioVersion = 17.5.33530.505
MinimumVisualStudioVersion = 10.0.40219.1
Project("{FAE04EC0-301F-11D3-BF4B-00C04F79EFBC}") = "JiXingFlashTool", "JiXingFlashTool\JiXingFlashTool.csproj", "{528C87A2-2EE0-44CD-8E43-A41225E0E5D0}"
EndProject
Project("{FAE04EC0-301F-11D3-BF4B-00C04F79EFBC}") = "JXAdbCore", "JXAdbCore\JXAdbCore.csproj", "{0E0FC54F-22E6-477B-9C6C-0F188A6FEF80}"
EndProject
Project("{FAE04EC0-301F-11D3-BF4B-00C04F79EFBC}") = "TaskCore", "TaskCore\TaskCore.csproj", "{B4882EEF-8A5D-4FE6-8935-FAE77AFBD8E0}"
EndProject
Project("{FAE04EC0-301F-11D3-BF4B-00C04F79EFBC}") = "JXAutomatorService", "JXAutomatorService\JXAutomatorService.csproj", "{664E5C51-641D-4E91-9E79-BADC5823CB2E}"
EndProject
Project("{FAE04EC0-301F-11D3-BF4B-00C04F79EFBC}") = "LanguageCore", "LanguageCore\LanguageCore.csproj", "{FE807B2E-7CE4-4B96-B3DE-2687119100CA}"
EndProject
Project("{FAE04EC0-301F-11D3-BF4B-00C04F79EFBC}") = "JXHeimdall", "JXHeimdall\JXHeimdall.csproj", "{9A2748FE-B92F-41F6-BE6A-8C886941E7A1}"
EndProject
Project("{FAE04EC0-301F-11D3-BF4B-00C04F79EFBC}") = "BuildRelease", "BuildRelease\BuildRelease.csproj", "{3E9547A0-C5AC-435D-BC07-A0E2C4B7888A}"
EndProject
Project("{FAE04EC0-301F-11D3-BF4B-00C04F79EFBC}") = "SQLCore", "SQLCore\SQLCore.csproj", "{CE0FEA1F-798A-4C7E-B3E2-9630A445D247}"
EndProject
Global
	GlobalSection(SolutionConfigurationPlatforms) = preSolution
		Debug|Any CPU = Debug|Any CPU
		Debug|x64 = Debug|x64
		Debug|x86 = Debug|x86
		Release|Any CPU = Release|Any CPU
		Release|x64 = Release|x64
		Release|x86 = Release|x86
	EndGlobalSection
	GlobalSection(ProjectConfigurationPlatforms) = postSolution
		{528C87A2-2EE0-44CD-8E43-A41225E0E5D0}.Debug|Any CPU.ActiveCfg = Debug|Any CPU
		{528C87A2-2EE0-44CD-8E43-A41225E0E5D0}.Debug|Any CPU.Build.0 = Debug|Any CPU
		{528C87A2-2EE0-44CD-8E43-A41225E0E5D0}.Debug|x64.ActiveCfg = Debug|Any CPU
		{528C87A2-2EE0-44CD-8E43-A41225E0E5D0}.Debug|x64.Build.0 = Debug|Any CPU
		{528C87A2-2EE0-44CD-8E43-A41225E0E5D0}.Debug|x86.ActiveCfg = Debug|Any CPU
		{528C87A2-2EE0-44CD-8E43-A41225E0E5D0}.Debug|x86.Build.0 = Debug|Any CPU
		{528C87A2-2EE0-44CD-8E43-A41225E0E5D0}.Release|Any CPU.ActiveCfg = Release|Any CPU
		{528C87A2-2EE0-44CD-8E43-A41225E0E5D0}.Release|Any CPU.Build.0 = Release|Any CPU
		{528C87A2-2EE0-44CD-8E43-A41225E0E5D0}.Release|x64.ActiveCfg = Release|Any CPU
		{528C87A2-2EE0-44CD-8E43-A41225E0E5D0}.Release|x64.Build.0 = Release|Any CPU
		{528C87A2-2EE0-44CD-8E43-A41225E0E5D0}.Release|x86.ActiveCfg = Release|Any CPU
		{528C87A2-2EE0-44CD-8E43-A41225E0E5D0}.Release|x86.Build.0 = Release|Any CPU
		{0E0FC54F-22E6-477B-9C6C-0F188A6FEF80}.Debug|Any CPU.ActiveCfg = Debug|Any CPU
		{0E0FC54F-22E6-477B-9C6C-0F188A6FEF80}.Debug|Any CPU.Build.0 = Debug|Any CPU
		{0E0FC54F-22E6-477B-9C6C-0F188A6FEF80}.Debug|x64.ActiveCfg = Debug|Any CPU
		{0E0FC54F-22E6-477B-9C6C-0F188A6FEF80}.Debug|x64.Build.0 = Debug|Any CPU
		{0E0FC54F-22E6-477B-9C6C-0F188A6FEF80}.Debug|x86.ActiveCfg = Debug|Any CPU
		{0E0FC54F-22E6-477B-9C6C-0F188A6FEF80}.Debug|x86.Build.0 = Debug|Any CPU
		{0E0FC54F-22E6-477B-9C6C-0F188A6FEF80}.Release|Any CPU.ActiveCfg = Release|Any CPU
		{0E0FC54F-22E6-477B-9C6C-0F188A6FEF80}.Release|Any CPU.Build.0 = Release|Any CPU
		{0E0FC54F-22E6-477B-9C6C-0F188A6FEF80}.Release|x64.ActiveCfg = Release|Any CPU
		{0E0FC54F-22E6-477B-9C6C-0F188A6FEF80}.Release|x64.Build.0 = Release|Any CPU
		{0E0FC54F-22E6-477B-9C6C-0F188A6FEF80}.Release|x86.ActiveCfg = Release|Any CPU
		{0E0FC54F-22E6-477B-9C6C-0F188A6FEF80}.Release|x86.Build.0 = Release|Any CPU
		{B4882EEF-8A5D-4FE6-8935-FAE77AFBD8E0}.Debug|Any CPU.ActiveCfg = Debug|Any CPU
		{B4882EEF-8A5D-4FE6-8935-FAE77AFBD8E0}.Debug|Any CPU.Build.0 = Debug|Any CPU
		{B4882EEF-8A5D-4FE6-8935-FAE77AFBD8E0}.Debug|x64.ActiveCfg = Debug|Any CPU
		{B4882EEF-8A5D-4FE6-8935-FAE77AFBD8E0}.Debug|x64.Build.0 = Debug|Any CPU
		{B4882EEF-8A5D-4FE6-8935-FAE77AFBD8E0}.Debug|x86.ActiveCfg = Debug|Any CPU
		{B4882EEF-8A5D-4FE6-8935-FAE77AFBD8E0}.Debug|x86.Build.0 = Debug|Any CPU
		{B4882EEF-8A5D-4FE6-8935-FAE77AFBD8E0}.Release|Any CPU.ActiveCfg = Release|Any CPU
		{B4882EEF-8A5D-4FE6-8935-FAE77AFBD8E0}.Release|Any CPU.Build.0 = Release|Any CPU
		{B4882EEF-8A5D-4FE6-8935-FAE77AFBD8E0}.Release|x64.ActiveCfg = Release|Any CPU
		{B4882EEF-8A5D-4FE6-8935-FAE77AFBD8E0}.Release|x64.Build.0 = Release|Any CPU
		{B4882EEF-8A5D-4FE6-8935-FAE77AFBD8E0}.Release|x86.ActiveCfg = Release|Any CPU
		{B4882EEF-8A5D-4FE6-8935-FAE77AFBD8E0}.Release|x86.Build.0 = Release|Any CPU
		{664E5C51-641D-4E91-9E79-BADC5823CB2E}.Debug|Any CPU.ActiveCfg = Debug|Any CPU
		{664E5C51-641D-4E91-9E79-BADC5823CB2E}.Debug|x64.ActiveCfg = Debug|Any CPU
		{664E5C51-641D-4E91-9E79-BADC5823CB2E}.Debug|x64.Build.0 = Debug|Any CPU
		{664E5C51-641D-4E91-9E79-BADC5823CB2E}.Debug|x86.ActiveCfg = Debug|Any CPU
		{664E5C51-641D-4E91-9E79-BADC5823CB2E}.Debug|x86.Build.0 = Debug|Any CPU
		{664E5C51-641D-4E91-9E79-BADC5823CB2E}.Release|Any CPU.ActiveCfg = Release|Any CPU
		{664E5C51-641D-4E91-9E79-BADC5823CB2E}.Release|x64.ActiveCfg = Release|Any CPU
		{664E5C51-641D-4E91-9E79-BADC5823CB2E}.Release|x64.Build.0 = Release|Any CPU
		{664E5C51-641D-4E91-9E79-BADC5823CB2E}.Release|x86.ActiveCfg = Release|Any CPU
		{664E5C51-641D-4E91-9E79-BADC5823CB2E}.Release|x86.Build.0 = Release|Any CPU
		{FE807B2E-7CE4-4B96-B3DE-2687119100CA}.Debug|Any CPU.ActiveCfg = Debug|Any CPU
		{FE807B2E-7CE4-4B96-B3DE-2687119100CA}.Debug|Any CPU.Build.0 = Debug|Any CPU
		{FE807B2E-7CE4-4B96-B3DE-2687119100CA}.Debug|x64.ActiveCfg = Debug|Any CPU
		{FE807B2E-7CE4-4B96-B3DE-2687119100CA}.Debug|x64.Build.0 = Debug|Any CPU
		{FE807B2E-7CE4-4B96-B3DE-2687119100CA}.Debug|x86.ActiveCfg = Debug|Any CPU
		{FE807B2E-7CE4-4B96-B3DE-2687119100CA}.Debug|x86.Build.0 = Debug|Any CPU
		{FE807B2E-7CE4-4B96-B3DE-2687119100CA}.Release|Any CPU.ActiveCfg = Release|Any CPU
		{FE807B2E-7CE4-4B96-B3DE-2687119100CA}.Release|Any CPU.Build.0 = Release|Any CPU
		{FE807B2E-7CE4-4B96-B3DE-2687119100CA}.Release|x64.ActiveCfg = Release|Any CPU
		{FE807B2E-7CE4-4B96-B3DE-2687119100CA}.Release|x64.Build.0 = Release|Any CPU
		{FE807B2E-7CE4-4B96-B3DE-2687119100CA}.Release|x86.ActiveCfg = Release|Any CPU
		{FE807B2E-7CE4-4B96-B3DE-2687119100CA}.Release|x86.Build.0 = Release|Any CPU
		{9A2748FE-B92F-41F6-BE6A-8C886941E7A1}.Debug|Any CPU.ActiveCfg = Debug|Any CPU
		{9A2748FE-B92F-41F6-BE6A-8C886941E7A1}.Debug|Any CPU.Build.0 = Debug|Any CPU
		{9A2748FE-B92F-41F6-BE6A-8C886941E7A1}.Debug|x64.ActiveCfg = Debug|Any CPU
		{9A2748FE-B92F-41F6-BE6A-8C886941E7A1}.Debug|x64.Build.0 = Debug|Any CPU
		{9A2748FE-B92F-41F6-BE6A-8C886941E7A1}.Debug|x86.ActiveCfg = Debug|Any CPU
		{9A2748FE-B92F-41F6-BE6A-8C886941E7A1}.Debug|x86.Build.0 = Debug|Any CPU
		{9A2748FE-B92F-41F6-BE6A-8C886941E7A1}.Release|Any CPU.ActiveCfg = Release|Any CPU
		{9A2748FE-B92F-41F6-BE6A-8C886941E7A1}.Release|Any CPU.Build.0 = Release|Any CPU
		{9A2748FE-B92F-41F6-BE6A-8C886941E7A1}.Release|x64.ActiveCfg = Release|Any CPU
		{9A2748FE-B92F-41F6-BE6A-8C886941E7A1}.Release|x64.Build.0 = Release|Any CPU
		{9A2748FE-B92F-41F6-BE6A-8C886941E7A1}.Release|x86.ActiveCfg = Release|Any CPU
		{9A2748FE-B92F-41F6-BE6A-8C886941E7A1}.Release|x86.Build.0 = Release|Any CPU
		{3E9547A0-C5AC-435D-BC07-A0E2C4B7888A}.Debug|Any CPU.ActiveCfg = Debug|Any CPU
		{3E9547A0-C5AC-435D-BC07-A0E2C4B7888A}.Debug|Any CPU.Build.0 = Debug|Any CPU
		{3E9547A0-C5AC-435D-BC07-A0E2C4B7888A}.Debug|x64.ActiveCfg = Debug|Any CPU
		{3E9547A0-C5AC-435D-BC07-A0E2C4B7888A}.Debug|x64.Build.0 = Debug|Any CPU
		{3E9547A0-C5AC-435D-BC07-A0E2C4B7888A}.Debug|x86.ActiveCfg = Debug|Any CPU
		{3E9547A0-C5AC-435D-BC07-A0E2C4B7888A}.Debug|x86.Build.0 = Debug|Any CPU
		{3E9547A0-C5AC-435D-BC07-A0E2C4B7888A}.Release|Any CPU.ActiveCfg = Release|Any CPU
		{3E9547A0-C5AC-435D-BC07-A0E2C4B7888A}.Release|Any CPU.Build.0 = Release|Any CPU
		{3E9547A0-C5AC-435D-BC07-A0E2C4B7888A}.Release|x64.ActiveCfg = Release|Any CPU
		{3E9547A0-C5AC-435D-BC07-A0E2C4B7888A}.Release|x64.Build.0 = Release|Any CPU
		{3E9547A0-C5AC-435D-BC07-A0E2C4B7888A}.Release|x86.ActiveCfg = Release|Any CPU
		{3E9547A0-C5AC-435D-BC07-A0E2C4B7888A}.Release|x86.Build.0 = Release|Any CPU
		{CE0FEA1F-798A-4C7E-B3E2-9630A445D247}.Debug|Any CPU.ActiveCfg = Debug|Any CPU
		{CE0FEA1F-798A-4C7E-B3E2-9630A445D247}.Debug|Any CPU.Build.0 = Debug|Any CPU
		{CE0FEA1F-798A-4C7E-B3E2-9630A445D247}.Debug|x64.ActiveCfg = Debug|Any CPU
		{CE0FEA1F-798A-4C7E-B3E2-9630A445D247}.Debug|x64.Build.0 = Debug|Any CPU
		{CE0FEA1F-798A-4C7E-B3E2-9630A445D247}.Debug|x86.ActiveCfg = Debug|Any CPU
		{CE0FEA1F-798A-4C7E-B3E2-9630A445D247}.Debug|x86.Build.0 = Debug|Any CPU
		{CE0FEA1F-798A-4C7E-B3E2-9630A445D247}.Release|Any CPU.ActiveCfg = Release|Any CPU
		{CE0FEA1F-798A-4C7E-B3E2-9630A445D247}.Release|Any CPU.Build.0 = Release|Any CPU
		{CE0FEA1F-798A-4C7E-B3E2-9630A445D247}.Release|x64.ActiveCfg = Release|Any CPU
		{CE0FEA1F-798A-4C7E-B3E2-9630A445D247}.Release|x64.Build.0 = Release|Any CPU
		{CE0FEA1F-798A-4C7E-B3E2-9630A445D247}.Release|x86.ActiveCfg = Release|Any CPU
		{CE0FEA1F-798A-4C7E-B3E2-9630A445D247}.Release|x86.Build.0 = Release|Any CPU
	EndGlobalSection
	GlobalSection(SolutionProperties) = preSolution
		HideSolutionNode = FALSE
	EndGlobalSection
	GlobalSection(ExtensibilityGlobals) = postSolution
		SolutionGuid = {94BB79F5-D04F-415C-B308-6DEF29A3A1BE}
	EndGlobalSection
EndGlobal
